
Microsoft Visual Studio Solution File, Format Version 12.00
# Visual Studio Version 16
VisualStudioVersion = 16.0.31321.278
MinimumVisualStudioVersion = 10.0.40219.1
Project("{F184B08F-C81C-45F6-A57F-5ABD9991F28F}") = "Terminal-Remover", "Terminal-Remover.vbproj", "{86E7C009-9A85-4A5D-BCFE-1F00B969E41E}"
EndProject
Global
	GlobalSection(SolutionConfigurationPlatforms) = preSolution
		Debug|Any CPU = Debug|Any CPU
		Release|Any CPU = Release|Any CPU
	EndGlobalSection
	GlobalSection(ProjectConfigurationPlatforms) = postSolution
		{86E7C009-9A85-4A5D-BCFE-1F00B969E41E}.Debug|Any CPU.ActiveCfg = Debug|Any CPU
		{86E7C009-9A85-4A5D-BCFE-1F00B969E41E}.Debug|Any CPU.Build.0 = Debug|Any CPU
		{86E7C009-9A85-4A5D-BCFE-1F00B969E41E}.Release|Any CPU.ActiveCfg = Release|Any CPU
		{86E7C009-9A85-4A5D-BCFE-1F00B969E41E}.Release|Any CPU.Build.0 = Release|Any CPU
	EndGlobalSection
	GlobalSection(SolutionProperties) = preSolution
		HideSolutionNode = FALSE
	EndGlobalSection
	GlobalSection(ExtensibilityGlobals) = postSolution
		SolutionGuid = {46D5FE65-3B55-4B3D-8581-5CD3B4D16451}
	EndGlobalSection
EndGlobal
